
Microsoft Visual Studio Solution File, Format Version 12.00
# Visual Studio Version 17
VisualStudioVersion = 17.6.33723.286
MinimumVisualStudioVersion = 10.0.40219.1
Project("{FAE04EC0-301F-11D3-BF4B-00C04F79EFBC}") = "JokesWebApp", "JokesWebApp\JokesWebApp.csproj", "{ADD91F32-243B-4D42-820D-1478F0925115}"
EndProject
Global
	GlobalSection(SolutionConfigurationPlatforms) = preSolution
		Debug|Any CPU = Debug|Any CPU
		Release|Any CPU = Release|Any CPU
	EndGlobalSection
	GlobalSection(ProjectConfigurationPlatforms) = postSolution
		{ADD91F32-243B-4D42-820D-1478F0925115}.Debug|Any CPU.ActiveCfg = Debug|Any CPU
		{ADD91F32-243B-4D42-820D-1478F0925115}.Debug|Any CPU.Build.0 = Debug|Any CPU
		{ADD91F32-243B-4D42-820D-1478F0925115}.Release|Any CPU.ActiveCfg = Release|Any CPU
		{ADD91F32-243B-4D42-820D-1478F0925115}.Release|Any CPU.Build.0 = Release|Any CPU
	EndGlobalSection
	GlobalSection(SolutionProperties) = preSolution
		HideSolutionNode = FALSE
	EndGlobalSection
	GlobalSection(ExtensibilityGlobals) = postSolution
		SolutionGuid = {182B5A51-A68B-444B-A3EE-ACC0DAD9C9D7}
	EndGlobalSection
EndGlobal
